
Microsoft Visual Studio Solution File, Format Version 12.00
# Visual Studio Version 16
VisualStudioVersion = 16.0.31019.35
MinimumVisualStudioVersion = 10.0.40219.1
Project("{FAE04EC0-301F-11D3-BF4B-00C04F79EFBC}") = "FirstClass", "FirstClass\FirstClass.csproj", "{2BE2AC66-3392-4BC7-BB52-5FD98E4A0EEC}"
EndProject
Global
	GlobalSection(SolutionConfigurationPlatforms) = preSolution
		Debug|Any CPU = Debug|Any CPU
		Release|Any CPU = Release|Any CPU
	EndGlobalSection
	GlobalSection(ProjectConfigurationPlatforms) = postSolution
		{2BE2AC66-3392-4BC7-BB52-5FD98E4A0EEC}.Debug|Any CPU.ActiveCfg = Debug|Any CPU
		{2BE2AC66-3392-4BC7-BB52-5FD98E4A0EEC}.Debug|Any CPU.Build.0 = Debug|Any CPU
		{2BE2AC66-3392-4BC7-BB52-5FD98E4A0EEC}.Release|Any CPU.ActiveCfg = Release|Any CPU
		{2BE2AC66-3392-4BC7-BB52-5FD98E4A0EEC}.Release|Any CPU.Build.0 = Release|Any CPU
	EndGlobalSection
	GlobalSection(SolutionProperties) = preSolution
		HideSolutionNode = FALSE
	EndGlobalSection
	GlobalSection(ExtensibilityGlobals) = postSolution
		SolutionGuid = {A31C7C4C-18CB-4201-AE29-36E78D832DFA}
	EndGlobalSection
EndGlobal
